
Microsoft Visual Studio Solution File, Format Version 12.00
# Visual Studio Version 17
VisualStudioVersion = 17.9.34723.18
MinimumVisualStudioVersion = 10.0.40219.1
Project("{FAE04EC0-301F-11D3-BF4B-00C04F79EFBC}") = "PS4UpdateTools", "PS4UpdateTools.csproj", "{7E49950B-E4CF-41D0-86A8-7C3A3E2DCB9E}"
EndProject
Global
	GlobalSection(SolutionConfigurationPlatforms) = preSolution
		Debug|Any CPU = Debug|Any CPU
		Release|Any CPU = Release|Any CPU
	EndGlobalSection
	GlobalSection(ProjectConfigurationPlatforms) = postSolution
		{7E49950B-E4CF-41D0-86A8-7C3A3E2DCB9E}.Debug|Any CPU.ActiveCfg = Debug|Any CPU
		{7E49950B-E4CF-41D0-86A8-7C3A3E2DCB9E}.Debug|Any CPU.Build.0 = Debug|Any CPU
		{7E49950B-E4CF-41D0-86A8-7C3A3E2DCB9E}.Release|Any CPU.ActiveCfg = Release|Any CPU
		{7E49950B-E4CF-41D0-86A8-7C3A3E2DCB9E}.Release|Any CPU.Build.0 = Release|Any CPU
	EndGlobalSection
	GlobalSection(SolutionProperties) = preSolution
		HideSolutionNode = FALSE
	EndGlobalSection
	GlobalSection(ExtensibilityGlobals) = postSolution
		SolutionGuid = {4E103CB8-2926-4FBC-9289-7A57FEC13252}
	EndGlobalSection
EndGlobal
